
Microsoft Visual Studio Solution File, Format Version 12.00
# Visual Studio Version 17
VisualStudioVersion = 17.12.35707.178 d17.12
MinimumVisualStudioVersion = 10.0.40219.1
Project("{FAE04EC0-301F-11D3-BF4B-00C04F79EFBC}") = "TarefasWeb.Server", "TarefasWeb.Server\TarefasWeb.Server.csproj", "{97E8B441-C5C2-4CDB-88C0-3576656FA9AE}"
EndProject
Global
	GlobalSection(SolutionConfigurationPlatforms) = preSolution
		Debug|Any CPU = Debug|Any CPU
		Release|Any CPU = Release|Any CPU
	EndGlobalSection
	GlobalSection(ProjectConfigurationPlatforms) = postSolution
		{97E8B441-C5C2-4CDB-88C0-3576656FA9AE}.Debug|Any CPU.ActiveCfg = Debug|Any CPU
		{97E8B441-C5C2-4CDB-88C0-3576656FA9AE}.Debug|Any CPU.Build.0 = Debug|Any CPU
		{97E8B441-C5C2-4CDB-88C0-3576656FA9AE}.Release|Any CPU.ActiveCfg = Release|Any CPU
		{97E8B441-C5C2-4CDB-88C0-3576656FA9AE}.Release|Any CPU.Build.0 = Release|Any CPU
		{82203234-23A7-426E-9F72-2A955C670E05}.Debug|Any CPU.ActiveCfg = Debug|Any CPU
		{82203234-23A7-426E-9F72-2A955C670E05}.Debug|Any CPU.Build.0 = Debug|Any CPU
		{82203234-23A7-426E-9F72-2A955C670E05}.Debug|Any CPU.Deploy.0 = Debug|Any CPU
		{82203234-23A7-426E-9F72-2A955C670E05}.Release|Any CPU.ActiveCfg = Release|Any CPU
		{82203234-23A7-426E-9F72-2A955C670E05}.Release|Any CPU.Build.0 = Release|Any CPU
		{82203234-23A7-426E-9F72-2A955C670E05}.Release|Any CPU.Deploy.0 = Release|Any CPU
	EndGlobalSection
	GlobalSection(SolutionProperties) = preSolution
		HideSolutionNode = FALSE
	EndGlobalSection
EndGlobal
